// !$*UTF8*$!
{
	archiveVersion = 1;
	classes = {
	};
	objectVersion = 77;
	objects = {

/* Begin PBXBuildFile section */
		9B13D42F2E24A8A800D40B1A /* NoteConverter.swift in Sources */ = {isa = PBXBuildFile; fileRef = 9B13D42E2E24A8A800D40B1A /* NoteConverter.swift */; };
		9B7948FD2E2484E200DA0B1A /* Testing in Frameworks */ = {isa = PBXBuildFile; productRef = 9B7948FC2E2484E200DA0B1A /* Testing */; };
		9BA506EB2E01DC00000EFB3E /* lib/libverovio.a in Frameworks */ = {isa = PBXBuildFile; fileRef = 9BA506EC2E01DC00000EFB3E /* lib/libverovio.a */; };
		9BAECE312E0F04620054DBE2 /* CREDITS.md in Resources */ = {isa = PBXBuildFile; fileRef = 9BAECE302E0F04620054DBE2 /* CREDITS.md */; };
		9BAECF222E0F07880054DBE2 /* MarkdownUI in Frameworks */ = {isa = PBXBuildFile; productRef = 9BA506F22E01DE00000EFB3E /* MarkdownUI */; };
/* End PBXBuildFile section */

/* Begin PBXContainerItemProxy section */
		9B7949062E24873600DA0B1A /* PBXContainerItemProxy */ = {
			isa = PBXContainerItemProxy;
			containerPortal = 9B5BB7762DF4AF03003EC64C /* Project object */;
			proxyType = 1;
			remoteGlobalIDString = 9B5BB77D2DF4AF03003EC64C;
			remoteInfo = RiffMCP;
		};
/* End PBXContainerItemProxy section */

/* Begin PBXFileReference section */
		9B13D42E2E24A8A800D40B1A /* NoteConverter.swift */ = {isa = PBXFileReference; lastKnownFileType = sourcecode.swift; path = RiffMCP/Utility/NoteConverter.swift; sourceTree = "<group>"; };
		9B5BB77E2DF4AF03003EC64C /* RiffMCP.app */ = {isa = PBXFileReference; explicitFileType = wrapper.application; includeInIndex = 0; path = RiffMCP.app; sourceTree = BUILT_PRODUCTS_DIR; };
		9B7949022E24873600DA0B1A /* RiffMCPTests.xctest */ = {isa = PBXFileReference; explicitFileType = wrapper.cfbundle; includeInIndex = 0; path = RiffMCPTests.xctest; sourceTree = BUILT_PRODUCTS_DIR; };
		9B7949112E2490E100DA0B1A /* RiffMCP.xctestplan */ = {isa = PBXFileReference; lastKnownFileType = text; path = RiffMCP.xctestplan; sourceTree = "<group>"; };
		9BA506EC2E01DC00000EFB3E /* lib/libverovio.a */ = {isa = PBXFileReference; lastKnownFileType = archive.ar; path = lib/libverovio.a; sourceTree = "<group>"; };
		9BAECE302E0F04620054DBE2 /* CREDITS.md */ = {isa = PBXFileReference; lastKnownFileType = net.daringfireball.markdown; path = CREDITS.md; sourceTree = "<group>"; };
/* End PBXFileReference section */

/* Begin PBXFileSystemSynchronizedRootGroup section */
		9B5BB7802DF4AF03003EC64C /* RiffMCP */ = {
			isa = PBXFileSystemSynchronizedRootGroup;
			explicitFolders = (
				MCP,
				Resources/Examples,
				Resources/Verovio,
			);
			path = RiffMCP;
			sourceTree = "<group>";
		};
		9B7949032E24873600DA0B1A /* RiffMCPTests */ = {
			isa = PBXFileSystemSynchronizedRootGroup;
			path = RiffMCPTests;
			sourceTree = "<group>";
		};
/* End PBXFileSystemSynchronizedRootGroup section */

/* Begin PBXFrameworksBuildPhase section */
		9B5BB77B2DF4AF03003EC64C /* Frameworks */ = {
			isa = PBXFrameworksBuildPhase;
			buildActionMask = 2147483647;
			files = (
				9B7948FD2E2484E200DA0B1A /* Testing in Frameworks */,
				9BAECF222E0F07880054DBE2 /* MarkdownUI in Frameworks */,
				9BA506EB2E01DC00000EFB3E /* lib/libverovio.a in Frameworks */,
			);
			runOnlyForDeploymentPostprocessing = 0;
		};
		9B7948FF2E24873600DA0B1A /* Frameworks */ = {
			isa = PBXFrameworksBuildPhase;
			buildActionMask = 2147483647;
			files = (
			);
			runOnlyForDeploymentPostprocessing = 0;
		};
/* End PBXFrameworksBuildPhase section */

/* Begin PBXGroup section */
		9B5BB7752DF4AF03003EC64C = {
			isa = PBXGroup;
			children = (
				9B7949112E2490E100DA0B1A /* RiffMCP.xctestplan */,
				9BAECE302E0F04620054DBE2 /* CREDITS.md */,
				9B5BB7802DF4AF03003EC64C /* RiffMCP */,
				9B7949032E24873600DA0B1A /* RiffMCPTests */,
				9B5BB77F2DF4AF03003EC64C /* Products */,
				9BA506EE2E01DC10000EFB3E /* Frameworks */,
			);
			sourceTree = "<group>";
		};
		9B5BB77F2DF4AF03003EC64C /* Products */ = {
			isa = PBXGroup;
			children = (
				9B5BB77E2DF4AF03003EC64C /* RiffMCP.app */,
				9B7949022E24873600DA0B1A /* RiffMCPTests.xctest */,
			);
			name = Products;
			sourceTree = "<group>";
		};
		9BA506EE2E01DC10000EFB3E /* Frameworks */ = {
			isa = PBXGroup;
			children = (
				9BA506EC2E01DC00000EFB3E /* lib/libverovio.a */,
			);
			name = Frameworks;
			sourceTree = "<group>";
		};
/* End PBXGroup section */

/* Begin PBXNativeTarget section */
		9B5BB77D2DF4AF03003EC64C /* RiffMCP */ = {
			isa = PBXNativeTarget;
			buildConfigurationList = 9B5BB78A2DF4AF05003EC64C /* Build configuration list for PBXNativeTarget "RiffMCP" */;
			buildPhases = (
				9B5BB77A2DF4AF03003EC64C /* Sources */,
				9B5BB77B2DF4AF03003EC64C /* Frameworks */,
				9B5BB77C2DF4AF03003EC64C /* Resources */,
				9BA506F02E01DD00000EFB3E /* Strip Debug Symbols */,
			);
			buildRules = (
			);
			dependencies = (
			);
			fileSystemSynchronizedGroups = (
				9B5BB7802DF4AF03003EC64C /* RiffMCP */,
			);
			name = RiffMCP;
			packageProductDependencies = (
				9BA506F22E01DE00000EFB3E /* MarkdownUI */,
				9B7948FC2E2484E200DA0B1A /* Testing */,
			);
			productName = RiffMCP;
			productReference = 9B5BB77E2DF4AF03003EC64C /* RiffMCP.app */;
			productType = "com.apple.product-type.application";
		};
		9B7949012E24873600DA0B1A /* RiffMCPTests */ = {
			isa = PBXNativeTarget;
			buildConfigurationList = 9B7949082E24873600DA0B1A /* Build configuration list for PBXNativeTarget "RiffMCPTests" */;
			buildPhases = (
				9B7948FE2E24873600DA0B1A /* Sources */,
				9B7948FF2E24873600DA0B1A /* Frameworks */,
				9B7949002E24873600DA0B1A /* Resources */,
			);
			buildRules = (
			);
			dependencies = (
				9B7949072E24873600DA0B1A /* PBXTargetDependency */,
			);
			fileSystemSynchronizedGroups = (
				9B7949032E24873600DA0B1A /* RiffMCPTests */,
			);
			name = RiffMCPTests;
			packageProductDependencies = (
			);
			productName = RiffMCPTests;
			productReference = 9B7949022E24873600DA0B1A /* RiffMCPTests.xctest */;
			productType = "com.apple.product-type.bundle.unit-test";
		};
/* End PBXNativeTarget section */

/* Begin PBXProject section */
		9B5BB7762DF4AF03003EC64C /* Project object */ = {
			isa = PBXProject;
			attributes = {
				BuildIndependentTargetsInParallel = 1;
				LastSwiftUpdateCheck = 1640;
				LastUpgradeCheck = 1640;
				TargetAttributes = {
					9B5BB77D2DF4AF03003EC64C = {
						CreatedOnToolsVersion = 16.4;
					};
					9B7949012E24873600DA0B1A = {
						CreatedOnToolsVersion = 16.4;
						TestTargetID = 9B5BB77D2DF4AF03003EC64C;
					};
				};
			};
			buildConfigurationList = 9B5BB7792DF4AF03003EC64C /* Build configuration list for PBXProject "RiffMCP" */;
			developmentRegion = en;
			hasScannedForEncodings = 0;
			knownRegions = (
				en,
				Base,
			);
			mainGroup = 9B5BB7752DF4AF03003EC64C;
			minimizedProjectReferenceProxies = 1;
			packageReferences = (
				9BA506F12E01DE00000EFB3E /* XCRemoteSwiftPackageReference "swift-markdown-ui" */,
				9B7948FB2E2484E200DA0B1A /* XCRemoteSwiftPackageReference "swift-testing" */,
			);
			preferredProjectObjectVersion = 77;
			productRefGroup = 9B5BB77F2DF4AF03003EC64C /* Products */;
			projectDirPath = "";
			projectRoot = "";
			targets = (
				9B5BB77D2DF4AF03003EC64C /* RiffMCP */,
				9B7949012E24873600DA0B1A /* RiffMCPTests */,
			);
		};
/* End PBXProject section */

/* Begin PBXResourcesBuildPhase section */
		9B5BB77C2DF4AF03003EC64C /* Resources */ = {
			isa = PBXResourcesBuildPhase;
			buildActionMask = 2147483647;
			files = (
				9BAECE312E0F04620054DBE2 /* CREDITS.md in Resources */,
			);
			runOnlyForDeploymentPostprocessing = 0;
		};
		9B7949002E24873600DA0B1A /* Resources */ = {
			isa = PBXResourcesBuildPhase;
			buildActionMask = 2147483647;
			files = (
			);
			runOnlyForDeploymentPostprocessing = 0;
		};
/* End PBXResourcesBuildPhase section */

/* Begin PBXShellScriptBuildPhase section */
		9BA506F02E01DD00000EFB3E /* Strip Debug Symbols */ = {
			isa = PBXShellScriptBuildPhase;
			buildActionMask = 2147483647;
			files = (
			);
			inputFileListPaths = (
			);
			inputPaths = (
			);
			name = "Strip Debug Symbols";
			outputFileListPaths = (
			);
			outputPaths = (
			);
			runOnlyForDeploymentPostprocessing = 0;
			shellPath = /bin/sh;
			shellScript = "if [ -f \"${PROJECT_DIR}/lib/libverovio.a\" ]; then\n    echo \"Stripping debug symbols from lib/libverovio.a...\"\n    # Clear extended attributes that may prevent stripping\n    xattr -c \"${PROJECT_DIR}/lib/libverovio.a\" 2>/dev/null || true\n    # Strip debug symbols\n    strip -S \"${PROJECT_DIR}/lib/libverovio.a\" 2>/dev/null || true\n    echo \"Library size after stripping: $(ls -lh ${PROJECT_DIR}/lib/libverovio.a | awk '{print $5}')\"\nfi\n";
		};
/* End PBXShellScriptBuildPhase section */

/* Begin PBXSourcesBuildPhase section */
		9B5BB77A2DF4AF03003EC64C /* Sources */ = {
			isa = PBXSourcesBuildPhase;
			buildActionMask = 2147483647;
			files = (
				9B13D42F2E24A8A800D40B1A /* NoteConverter.swift in Sources */,
			);
			runOnlyForDeploymentPostprocessing = 0;
		};
		9B7948FE2E24873600DA0B1A /* Sources */ = {
			isa = PBXSourcesBuildPhase;
			buildActionMask = 2147483647;
			files = (
			);
			runOnlyForDeploymentPostprocessing = 0;
		};
/* End PBXSourcesBuildPhase section */

/* Begin PBXTargetDependency section */
		9B7949072E24873600DA0B1A /* PBXTargetDependency */ = {
			isa = PBXTargetDependency;
			target = 9B5BB77D2DF4AF03003EC64C /* RiffMCP */;
			targetProxy = 9B7949062E24873600DA0B1A /* PBXContainerItemProxy */;
		};
/* End PBXTargetDependency section */

/* Begin XCBuildConfiguration section */
		9B5BB7882DF4AF05003EC64C /* Debug */ = {
			isa = XCBuildConfiguration;
			buildSettings = {
				ALWAYS_SEARCH_USER_PATHS = NO;
				ASSETCATALOG_COMPILER_GENERATE_SWIFT_ASSET_SYMBOL_EXTENSIONS = YES;
				CLANG_ANALYZER_NONNULL = YES;
				CLANG_ANALYZER_NUMBER_OBJECT_CONVERSION = YES_AGGRESSIVE;
				CLANG_CXX_LANGUAGE_STANDARD = "gnu++20";
				CLANG_ENABLE_MODULES = YES;
				CLANG_ENABLE_OBJC_ARC = YES;
				CLANG_ENABLE_OBJC_WEAK = YES;
				CLANG_WARN_BLOCK_CAPTURE_AUTORELEASING = YES;
				CLANG_WARN_BOOL_CONVERSION = YES;
				CLANG_WARN_COMMA = YES;
				CLANG_WARN_CONSTANT_CONVERSION = YES;
				CLANG_WARN_DEPRECATED_OBJC_IMPLEMENTATIONS = YES;
				CLANG_WARN_DIRECT_OBJC_ISA_USAGE = YES_ERROR;
				CLANG_WARN_DOCUMENTATION_COMMENTS = YES;
				CLANG_WARN_EMPTY_BODY = YES;
				CLANG_WARN_ENUM_CONVERSION = YES;
				CLANG_WARN_INFINITE_RECURSION = YES;
				CLANG_WARN_INT_CONVERSION = YES;
				CLANG_WARN_NON_LITERAL_NULL_CONVERSION = YES;
				CLANG_WARN_OBJC_IMPLICIT_RETAIN_SELF = YES;
				CLANG_WARN_OBJC_LITERAL_CONVERSION = YES;
				CLANG_WARN_OBJC_ROOT_CLASS = YES_ERROR;
				CLANG_WARN_QUOTED_INCLUDE_IN_FRAMEWORK_HEADER = YES;
				CLANG_WARN_RANGE_LOOP_ANALYSIS = YES;
				CLANG_WARN_STRICT_PROTOTYPES = YES;
				CLANG_WARN_SUSPICIOUS_MOVE = YES;
				CLANG_WARN_UNGUARDED_AVAILABILITY = YES_AGGRESSIVE;
				CLANG_WARN_UNREACHABLE_CODE = YES;
				CLANG_WARN__DUPLICATE_METHOD_MATCH = YES;
				COPY_PHASE_STRIP = NO;
				DEBUG_INFORMATION_FORMAT = dwarf;
				DEVELOPMENT_TEAM = XVCKDWA745;
				ENABLE_STRICT_OBJC_MSGSEND = YES;
				ENABLE_TESTABILITY = YES;
				ENABLE_USER_SCRIPT_SANDBOXING = YES;
				GCC_C_LANGUAGE_STANDARD = gnu17;
				GCC_DYNAMIC_NO_PIC = NO;
				GCC_NO_COMMON_BLOCKS = YES;
				GCC_OPTIMIZATION_LEVEL = 0;
				GCC_PREPROCESSOR_DEFINITIONS = (
					"DEBUG=1",
					"$(inherited)",
				);
				GCC_WARN_64_TO_32_BIT_CONVERSION = YES;
				GCC_WARN_ABOUT_RETURN_TYPE = YES_ERROR;
				GCC_WARN_UNDECLARED_SELECTOR = YES;
				GCC_WARN_UNINITIALIZED_AUTOS = YES_AGGRESSIVE;
				GCC_WARN_UNUSED_FUNCTION = YES;
				GCC_WARN_UNUSED_VARIABLE = YES;
				LOCALIZATION_PREFERS_STRING_CATALOGS = YES;
				MACOSX_DEPLOYMENT_TARGET = 15.5;
				MTL_ENABLE_DEBUG_INFO = INCLUDE_SOURCE;
				MTL_FAST_MATH = YES;
				ONLY_ACTIVE_ARCH = YES;
				SDKROOT = macosx;
				SWIFT_ACTIVE_COMPILATION_CONDITIONS = "DEBUG $(inherited)";
				SWIFT_OPTIMIZATION_LEVEL = "-Onone";
			};
			name = Debug;
		};
		9B5BB7892DF4AF05003EC64C /* Release */ = {
			isa = XCBuildConfiguration;
			buildSettings = {
				ALWAYS_SEARCH_USER_PATHS = NO;
				ASSETCATALOG_COMPILER_GENERATE_SWIFT_ASSET_SYMBOL_EXTENSIONS = YES;
				CLANG_ANALYZER_NONNULL = YES;
				CLANG_ANALYZER_NUMBER_OBJECT_CONVERSION = YES_AGGRESSIVE;
				CLANG_CXX_LANGUAGE_STANDARD = "gnu++20";
				CLANG_ENABLE_MODULES = YES;
				CLANG_ENABLE_OBJC_ARC = YES;
				CLANG_ENABLE_OBJC_WEAK = YES;
				CLANG_WARN_BLOCK_CAPTURE_AUTORELEASING = YES;
				CLANG_WARN_BOOL_CONVERSION = YES;
				CLANG_WARN_COMMA = YES;
				CLANG_WARN_CONSTANT_CONVERSION = YES;
				CLANG_WARN_DEPRECATED_OBJC_IMPLEMENTATIONS = YES;
				CLANG_WARN_DIRECT_OBJC_ISA_USAGE = YES_ERROR;
				CLANG_WARN_DOCUMENTATION_COMMENTS = YES;
				CLANG_WARN_EMPTY_BODY = YES;
				CLANG_WARN_ENUM_CONVERSION = YES;
				CLANG_WARN_INFINITE_RECURSION = YES;
				CLANG_WARN_INT_CONVERSION = YES;
				CLANG_WARN_NON_LITERAL_NULL_CONVERSION = YES;
				CLANG_WARN_OBJC_IMPLICIT_RETAIN_SELF = YES;
				CLANG_WARN_OBJC_LITERAL_CONVERSION = YES;
				CLANG_WARN_OBJC_ROOT_CLASS = YES_ERROR;
				CLANG_WARN_QUOTED_INCLUDE_IN_FRAMEWORK_HEADER = YES;
				CLANG_WARN_RANGE_LOOP_ANALYSIS = YES;
				CLANG_WARN_STRICT_PROTOTYPES = YES;
				CLANG_WARN_SUSPICIOUS_MOVE = YES;
				CLANG_WARN_UNGUARDED_AVAILABILITY = YES_AGGRESSIVE;
				CLANG_WARN_UNREACHABLE_CODE = YES;
				CLANG_WARN__DUPLICATE_METHOD_MATCH = YES;
				COPY_PHASE_STRIP = NO;
				DEBUG_INFORMATION_FORMAT = "dwarf-with-dsym";
				DEVELOPMENT_TEAM = XVCKDWA745;
				ENABLE_NS_ASSERTIONS = NO;
				ENABLE_STRICT_OBJC_MSGSEND = YES;
				ENABLE_USER_SCRIPT_SANDBOXING = YES;
				GCC_C_LANGUAGE_STANDARD = gnu17;
				GCC_NO_COMMON_BLOCKS = YES;
				GCC_WARN_64_TO_32_BIT_CONVERSION = YES;
				GCC_WARN_ABOUT_RETURN_TYPE = YES_ERROR;
				GCC_WARN_UNDECLARED_SELECTOR = YES;
				GCC_WARN_UNINITIALIZED_AUTOS = YES_AGGRESSIVE;
				GCC_WARN_UNUSED_FUNCTION = YES;
				GCC_WARN_UNUSED_VARIABLE = YES;
				LOCALIZATION_PREFERS_STRING_CATALOGS = YES;
				MACOSX_DEPLOYMENT_TARGET = 15.5;
				MTL_ENABLE_DEBUG_INFO = NO;
				MTL_FAST_MATH = YES;
				SDKROOT = macosx;
				SWIFT_COMPILATION_MODE = wholemodule;
			};
			name = Release;
		};
		9B5BB78B2DF4AF05003EC64C /* Debug */ = {
			isa = XCBuildConfiguration;
			buildSettings = {
				ASSETCATALOG_COMPILER_APPICON_NAME = AppIcon;
				ASSETCATALOG_COMPILER_GLOBAL_ACCENT_COLOR_NAME = AccentColor;
				CODE_SIGN_ENTITLEMENTS = RiffMCP/RiffMCP.entitlements;
				CODE_SIGN_STYLE = Automatic;
				COMBINE_HIDPI_IMAGES = YES;
				CURRENT_PROJECT_VERSION = 1;
				DEVELOPMENT_TEAM = XVCKDWA745;
				ENABLE_HARDENED_RUNTIME = YES;
				ENABLE_PREVIEWS = YES;
				FRAMEWORK_SEARCH_PATHS = (
					"$(inherited)",
					"$(PROJECT_DIR)",
				);
				GENERATE_INFOPLIST_FILE = YES;
				INFOPLIST_FILE = "RiffMCP-Info.plist";
				INFOPLIST_KEY_CFBundleURLTypes = "{\n    CFBundleURLName = \"RiffMCP URL Scheme\";\n    CFBundleURLSchemes =     (\n        riffmcp\n    );\n}";
				INFOPLIST_KEY_NSHumanReadableCopyright = "";
				LD_RUNPATH_SEARCH_PATHS = (
					"$(inherited)",
					"@executable_path/../Frameworks",
				);
				LIBRARY_SEARCH_PATHS = (
					"$(inherited)",
					"$(PROJECT_DIR)/lib",
				);
				MARKETING_VERSION = 0.1;
				OTHER_LDFLAGS = "-lc++";
				PRODUCT_BUNDLE_IDENTIFIER = com.whitneyland.RiffMCP;
				PRODUCT_NAME = "$(TARGET_NAME)";
				REGISTER_APP_GROUPS = YES;
				SWIFT_EMIT_LOC_STRINGS = YES;
				SWIFT_OBJC_BRIDGING_HEADER = "RiffMCP/App/RiffMCP-Bridging-Header.h";
				SWIFT_VERSION = 6.0;
			};
			name = Debug;
		};
		9B5BB78C2DF4AF05003EC64C /* Release */ = {
			isa = XCBuildConfiguration;
			buildSettings = {
				ASSETCATALOG_COMPILER_APPICON_NAME = AppIcon;
				ASSETCATALOG_COMPILER_GLOBAL_ACCENT_COLOR_NAME = AccentColor;
				CODE_SIGN_ENTITLEMENTS = RiffMCP/RiffMCP.entitlements;
				CODE_SIGN_STYLE = Automatic;
				COMBINE_HIDPI_IMAGES = YES;
				CURRENT_PROJECT_VERSION = 1;
				DEVELOPMENT_TEAM = XVCKDWA745;
				ENABLE_HARDENED_RUNTIME = YES;
				ENABLE_PREVIEWS = YES;
				FRAMEWORK_SEARCH_PATHS = (
					"$(inherited)",
					"$(PROJECT_DIR)",
				);
				GENERATE_INFOPLIST_FILE = YES;
				INFOPLIST_FILE = "RiffMCP-Info.plist";
				INFOPLIST_KEY_CFBundleURLTypes = "{\n    CFBundleURLName = \"RiffMCP URL Scheme\";\n    CFBundleURLSchemes =     (\n        riffmcp\n    );\n}";
				INFOPLIST_KEY_NSHumanReadableCopyright = "";
				LD_RUNPATH_SEARCH_PATHS = (
					"$(inherited)",
					"@executable_path/../Frameworks",
				);
				LIBRARY_SEARCH_PATHS = (
					"$(inherited)",
					"$(PROJECT_DIR)/lib",
				);
				MARKETING_VERSION = 0.1;
				OTHER_LDFLAGS = "-lc++";
				PRODUCT_BUNDLE_IDENTIFIER = com.whitneyland.RiffMCP;
				PRODUCT_NAME = "$(TARGET_NAME)";
				REGISTER_APP_GROUPS = YES;
				SWIFT_EMIT_LOC_STRINGS = YES;
				SWIFT_OBJC_BRIDGING_HEADER = "RiffMCP/App/RiffMCP-Bridging-Header.h";
				SWIFT_VERSION = 6.0;
			};
			name = Release;
		};
		9B7949092E24873600DA0B1A /* Debug */ = {
			isa = XCBuildConfiguration;
			buildSettings = {
				BUNDLE_LOADER = "$(TEST_HOST)";
				CODE_SIGN_STYLE = Automatic;
				CURRENT_PROJECT_VERSION = 1;
				DEVELOPMENT_TEAM = XVCKDWA745;
				GENERATE_INFOPLIST_FILE = YES;
				MARKETING_VERSION = 1.0;
				PRODUCT_BUNDLE_IDENTIFIER = com.whitneyland.RiffMCPTests;
				PRODUCT_NAME = "$(TARGET_NAME)";
				SWIFT_EMIT_LOC_STRINGS = NO;
				SWIFT_VERSION = 5.0;
				TEST_HOST = "$(BUILT_PRODUCTS_DIR)/RiffMCP.app/$(BUNDLE_EXECUTABLE_FOLDER_PATH)/RiffMCP";
			};
			name = Debug;
		};
		9B79490A2E24873600DA0B1A /* Release */ = {
			isa = XCBuildConfiguration;
			buildSettings = {
				BUNDLE_LOADER = "$(TEST_HOST)";
				CODE_SIGN_STYLE = Automatic;
				CURRENT_PROJECT_VERSION = 1;
				DEVELOPMENT_TEAM = XVCKDWA745;
				GENERATE_INFOPLIST_FILE = YES;
				MARKETING_VERSION = 1.0;
				PRODUCT_BUNDLE_IDENTIFIER = com.whitneyland.RiffMCPTests;
				PRODUCT_NAME = "$(TARGET_NAME)";
				SWIFT_EMIT_LOC_STRINGS = NO;
				SWIFT_VERSION = 5.0;
				TEST_HOST = "$(BUILT_PRODUCTS_DIR)/RiffMCP.app/$(BUNDLE_EXECUTABLE_FOLDER_PATH)/RiffMCP";
			};
			name = Release;
		};
/* End XCBuildConfiguration section */

/* Begin XCConfigurationList section */
		9B5BB7792DF4AF03003EC64C /* Build configuration list for PBXProject "RiffMCP" */ = {
			isa = XCConfigurationList;
			buildConfigurations = (
				9B5BB7882DF4AF05003EC64C /* Debug */,
				9B5BB7892DF4AF05003EC64C /* Release */,
			);
			defaultConfigurationIsVisible = 0;
			defaultConfigurationName = Release;
		};
		9B5BB78A2DF4AF05003EC64C /* Build configuration list for PBXNativeTarget "RiffMCP" */ = {
			isa = XCConfigurationList;
			buildConfigurations = (
				9B5BB78B2DF4AF05003EC64C /* Debug */,
				9B5BB78C2DF4AF05003EC64C /* Release */,
			);
			defaultConfigurationIsVisible = 0;
			defaultConfigurationName = Release;
		};
		9B7949082E24873600DA0B1A /* Build configuration list for PBXNativeTarget "RiffMCPTests" */ = {
			isa = XCConfigurationList;
			buildConfigurations = (
				9B7949092E24873600DA0B1A /* Debug */,
				9B79490A2E24873600DA0B1A /* Release */,
			);
			defaultConfigurationIsVisible = 0;
			defaultConfigurationName = Release;
		};
/* End XCConfigurationList section */

/* Begin XCRemoteSwiftPackageReference section */
		9B7948FB2E2484E200DA0B1A /* XCRemoteSwiftPackageReference "swift-testing" */ = {
			isa = XCRemoteSwiftPackageReference;
			repositoryURL = "https://github.com/apple/swift-testing";
			requirement = {
				kind = upToNextMajorVersion;
				minimumVersion = 6.1.1;
			};
		};
		9BA506F12E01DE00000EFB3E /* XCRemoteSwiftPackageReference "swift-markdown-ui" */ = {
			isa = XCRemoteSwiftPackageReference;
			repositoryURL = "https://github.com/gonzalezreal/swift-markdown-ui";
			requirement = {
				kind = upToNextMajorVersion;
				minimumVersion = 2.0.0;
			};
		};
/* End XCRemoteSwiftPackageReference section */

/* Begin XCSwiftPackageProductDependency section */
		9B7948FC2E2484E200DA0B1A /* Testing */ = {
			isa = XCSwiftPackageProductDependency;
			package = 9B7948FB2E2484E200DA0B1A /* XCRemoteSwiftPackageReference "swift-testing" */;
			productName = Testing;
		};
		9BA506F22E01DE00000EFB3E /* MarkdownUI */ = {
			isa = XCSwiftPackageProductDependency;
			package = 9BA506F12E01DE00000EFB3E /* XCRemoteSwiftPackageReference "swift-markdown-ui" */;
			productName = MarkdownUI;
		};
/* End XCSwiftPackageProductDependency section */
	};
	rootObject = 9B5BB7762DF4AF03003EC64C /* Project object */;
}
